lockfileVersion: '9.0'

settings:
  autoInstallPeers: true
  excludeLinksFromLockfile: false

importers:

  .:
    dependencies:
      '@types/node':
        specifier: ^22.5.5
        version: 22.5.5
    devDependencies:
      typescript:
        specifier: ^5.6.2
        version: 5.6.2

  packages/coc-unocss:
    dependencies:
      '@moliyu/lsp-unocss':
        specifier: workspace:*
        version: link:../lsp-unocss
      coc.nvim:
        specifier: 0.0.83-next.9
        version: 0.0.83-next.9(@types/node@22.5.5)

  packages/lsp-unocss:
    dependencies:
      '@unocss/autocomplete':
        specifier: ^0.62.4
        version: 0.62.4
      '@unocss/config':
        specifier: ^0.62.4
        version: 0.62.4
      '@unocss/core':
        specifier: ^0.62.4
        version: 0.62.4
      '@unocss/preset-uno':
        specifier: ^0.62.4
        version: 0.62.4
      prettier:
        specifier: ^3.3.3
        version: 3.3.3
      unconfig:
        specifier: ^0.5.5
        version: 0.5.5
      vscode-languageserver:
        specifier: ^9.0.1
        version: 9.0.1
      vscode-languageserver-textdocument:
        specifier: ^1.0.12
        version: 1.0.12

packages:

  '@antfu/utils@0.7.10':
    resolution: {integrity: sha512-+562v9k4aI80m1+VuMHehNJWLOFjBnXn3tdOitzD0il5b7smkSBal4+a3oKiQTbrwMmN/TBUMDvbdoWDehgOww==}

  '@esbuild/aix-ppc64@0.23.1':
    resolution: {integrity: sha512-6VhYk1diRqrhBAqpJEdjASR/+WVRtfjpqKuNw11cLiaWpAT/Uu+nokB+UJnevzy/P9C/ty6AOe0dwueMrGh/iQ==}
    engines: {node: '>=18'}
    cpu: [ppc64]
    os: [aix]

  '@esbuild/android-arm64@0.23.1':
    resolution: {integrity: sha512-xw50ipykXcLstLeWH7WRdQuysJqejuAGPd30vd1i5zSyKK3WE+ijzHmLKxdiCMtH1pHz78rOg0BKSYOSB/2Khw==}
    engines: {node: '>=18'}
    cpu: [arm64]
    os: [android]

  '@esbuild/android-arm@0.23.1':
    resolution: {integrity: sha512-uz6/tEy2IFm9RYOyvKl88zdzZfwEfKZmnX9Cj1BHjeSGNuGLuMD1kR8y5bteYmwqKm1tj8m4cb/aKEorr6fHWQ==}
    engines: {node: '>=18'}
    cpu: [arm]
    os: [android]

  '@esbuild/android-x64@0.23.1':
    resolution: {integrity: sha512-nlN9B69St9BwUoB+jkyU090bru8L0NA3yFvAd7k8dNsVH8bi9a8cUAUSEcEEgTp2z3dbEDGJGfP6VUnkQnlReg==}
    engines: {node: '>=18'}
    cpu: [x64]
    os: [android]

  '@esbuild/darwin-arm64@0.23.1':
    resolution: {integrity: sha512-YsS2e3Wtgnw7Wq53XXBLcV6JhRsEq8hkfg91ESVadIrzr9wO6jJDMZnCQbHm1Guc5t/CdDiFSSfWP58FNuvT3Q==}
    engines: {node: '>=18'}
    cpu: [arm64]
    os: [darwin]

  '@esbuild/darwin-x64@0.23.1':
    resolution: {integrity: sha512-aClqdgTDVPSEGgoCS8QDG37Gu8yc9lTHNAQlsztQ6ENetKEO//b8y31MMu2ZaPbn4kVsIABzVLXYLhCGekGDqw==}
    engines: {node: '>=18'}
    cpu: [x64]
    os: [darwin]

  '@esbuild/freebsd-arm64@0.23.1':
    resolution: {integrity: sha512-h1k6yS8/pN/NHlMl5+v4XPfikhJulk4G+tKGFIOwURBSFzE8bixw1ebjluLOjfwtLqY0kewfjLSrO6tN2MgIhA==}
    engines: {node: '>=18'}
    cpu: [arm64]
    os: [freebsd]

  '@esbuild/freebsd-x64@0.23.1':
    resolution: {integrity: sha512-lK1eJeyk1ZX8UklqFd/3A60UuZ/6UVfGT2LuGo3Wp4/z7eRTRYY+0xOu2kpClP+vMTi9wKOfXi2vjUpO1Ro76g==}
    engines: {node: '>=18'}
    cpu: [x64]
    os: [freebsd]

  '@esbuild/linux-arm64@0.23.1':
    resolution: {integrity: sha512-/93bf2yxencYDnItMYV/v116zff6UyTjo4EtEQjUBeGiVpMmffDNUyD9UN2zV+V3LRV3/on4xdZ26NKzn6754g==}
    engines: {node: '>=18'}
    cpu: [arm64]
    os: [linux]

  '@esbuild/linux-arm@0.23.1':
    resolution: {integrity: sha512-CXXkzgn+dXAPs3WBwE+Kvnrf4WECwBdfjfeYHpMeVxWE0EceB6vhWGShs6wi0IYEqMSIzdOF1XjQ/Mkm5d7ZdQ==}
    engines: {node: '>=18'}
    cpu: [arm]
    os: [linux]

  '@esbuild/linux-ia32@0.23.1':
    resolution: {integrity: sha512-VTN4EuOHwXEkXzX5nTvVY4s7E/Krz7COC8xkftbbKRYAl96vPiUssGkeMELQMOnLOJ8k3BY1+ZY52tttZnHcXQ==}
    engines: {node: '>=18'}
    cpu: [ia32]
    os: [linux]

  '@esbuild/linux-loong64@0.23.1':
    resolution: {integrity: sha512-Vx09LzEoBa5zDnieH8LSMRToj7ir/Jeq0Gu6qJ/1GcBq9GkfoEAoXvLiW1U9J1qE/Y/Oyaq33w5p2ZWrNNHNEw==}
    engines: {node: '>=18'}
    cpu: [loong64]
    os: [linux]

  '@esbuild/linux-mips64el@0.23.1':
    resolution: {integrity: sha512-nrFzzMQ7W4WRLNUOU5dlWAqa6yVeI0P78WKGUo7lg2HShq/yx+UYkeNSE0SSfSure0SqgnsxPvmAUu/vu0E+3Q==}
    engines: {node: '>=18'}
    cpu: [mips64el]
    os: [linux]

  '@esbuild/linux-ppc64@0.23.1':
    resolution: {integrity: sha512-dKN8fgVqd0vUIjxuJI6P/9SSSe/mB9rvA98CSH2sJnlZ/OCZWO1DJvxj8jvKTfYUdGfcq2dDxoKaC6bHuTlgcw==}
    engines: {node: '>=18'}
    cpu: [ppc64]
    os: [linux]

  '@esbuild/linux-riscv64@0.23.1':
    resolution: {integrity: sha512-5AV4Pzp80fhHL83JM6LoA6pTQVWgB1HovMBsLQ9OZWLDqVY8MVobBXNSmAJi//Csh6tcY7e7Lny2Hg1tElMjIA==}
    engines: {node: '>=18'}
    cpu: [riscv64]
    os: [linux]

  '@esbuild/linux-s390x@0.23.1':
    resolution: {integrity: sha512-9ygs73tuFCe6f6m/Tb+9LtYxWR4c9yg7zjt2cYkjDbDpV/xVn+68cQxMXCjUpYwEkze2RcU/rMnfIXNRFmSoDw==}
    engines: {node: '>=18'}
    cpu: [s390x]
    os: [linux]

  '@esbuild/linux-x64@0.23.1':
    resolution: {integrity: sha512-EV6+ovTsEXCPAp58g2dD68LxoP/wK5pRvgy0J/HxPGB009omFPv3Yet0HiaqvrIrgPTBuC6wCH1LTOY91EO5hQ==}
    engines: {node: '>=18'}
    cpu: [x64]
    os: [linux]

  '@esbuild/netbsd-x64@0.23.1':
    resolution: {integrity: sha512-aevEkCNu7KlPRpYLjwmdcuNz6bDFiE7Z8XC4CPqExjTvrHugh28QzUXVOZtiYghciKUacNktqxdpymplil1beA==}
    engines: {node: '>=18'}
    cpu: [x64]
    os: [netbsd]

  '@esbuild/openbsd-arm64@0.23.1':
    resolution: {integrity: sha512-3x37szhLexNA4bXhLrCC/LImN/YtWis6WXr1VESlfVtVeoFJBRINPJ3f0a/6LV8zpikqoUg4hyXw0sFBt5Cr+Q==}
    engines: {node: '>=18'}
    cpu: [arm64]
    os: [openbsd]

  '@esbuild/openbsd-x64@0.23.1':
    resolution: {integrity: sha512-aY2gMmKmPhxfU+0EdnN+XNtGbjfQgwZj43k8G3fyrDM/UdZww6xrWxmDkuz2eCZchqVeABjV5BpildOrUbBTqA==}
    engines: {node: '>=18'}
    cpu: [x64]
    os: [openbsd]

  '@esbuild/sunos-x64@0.23.1':
    resolution: {integrity: sha512-RBRT2gqEl0IKQABT4XTj78tpk9v7ehp+mazn2HbUeZl1YMdaGAQqhapjGTCe7uw7y0frDi4gS0uHzhvpFuI1sA==}
    engines: {node: '>=18'}
    cpu: [x64]
    os: [sunos]

  '@esbuild/win32-arm64@0.23.1':
    resolution: {integrity: sha512-4O+gPR5rEBe2FpKOVyiJ7wNDPA8nGzDuJ6gN4okSA1gEOYZ67N8JPk58tkWtdtPeLz7lBnY6I5L3jdsr3S+A6A==}
    engines: {node: '>=18'}
    cpu: [arm64]
    os: [win32]

  '@esbuild/win32-ia32@0.23.1':
    resolution: {integrity: sha512-BcaL0Vn6QwCwre3Y717nVHZbAa4UBEigzFm6VdsVdT/MbZ38xoj1X9HPkZhbmaBGUD1W8vxAfffbDe8bA6AKnQ==}
    engines: {node: '>=18'}
    cpu: [ia32]
    os: [win32]

  '@esbuild/win32-x64@0.23.1':
    resolution: {integrity: sha512-BHpFFeslkWrXWyUPnbKm+xYYVYruCinGcftSBaa8zoF9hZO4BcSCFUvHVTtzpIY6YzUnYtuEhZ+C9iEXjxnasg==}
    engines: {node: '>=18'}
    cpu: [x64]
    os: [win32]

  '@jridgewell/sourcemap-codec@1.5.0':
    resolution: {integrity: sha512-gv3ZRaISU3fjPAgNsriBRqGWQL6quFx04YMPW/zD8XMLsU32mhCCbfbO6KZFLjvYpCZ8zyDEgqsgf+PwPaM7GQ==}

  '@types/node@22.5.5':
    resolution: {integrity: sha512-Xjs4y5UPO/CLdzpgR6GirZJx36yScjh73+2NlLlkFRSoQN8B0DpfXPdZGnvVmLRLOsqDpOfTNv7D9trgGhmOIA==}

  '@unocss/autocomplete@0.62.4':
    resolution: {integrity: sha512-9Uw3mmQWrozQBTwd7gNTRK2lAO/yn9WXBBpwmX7G2zy4FJlvN5e9l2Vmch6D+vOzCmyiku71y2j/N3rzRlj/Cg==}

  '@unocss/config@0.62.4':
    resolution: {integrity: sha512-XKudKxxW8P44JvlIdS6HBpfE3qZA9rhbemy6/sb8HyZjKYjgeM9jx5yjk+9+4hXNma/KlwDXwjAqY29z0S0SrA==}
    engines: {node: '>=14'}

  '@unocss/core@0.62.4':
    resolution: {integrity: sha512-Cc+Vo6XlaQpyVejkJrrzzWtiK9pgMWzVVBpm9VCVtwZPUjD4GSc+g7VQCPXSsr7m03tmSuRySJx72QcASmauNQ==}

  '@unocss/extractor-arbitrary-variants@0.62.4':
    resolution: {integrity: sha512-e4hJfBMyFr6T6dYSTTjNv9CQwaU1CVEKxDlYP0GpfSgxsV58pguID9j1mt0/XZD6LvEDzwxj9RTRWKpUSWqp+Q==}

  '@unocss/preset-mini@0.62.4':
    resolution: {integrity: sha512-1O+QpQFx7FT61aheAZEYemW5e4AGib8TFGm+rWLudKq2IBNnXHcS5xsq5QvqdC7rp9Dn3lnW5du6ijow5kCBuw==}

  '@unocss/preset-uno@0.62.4':
    resolution: {integrity: sha512-2S6+molIz8dH/al0nfkU7i/pMS0oERPr4k9iW80Byt4cKDIhh/0jhZrC83kgZRtCf5hclSBO4oCoMTi1JF7SBw==}

  '@unocss/preset-wind@0.62.4':
    resolution: {integrity: sha512-YOzfQ11AmAnl1ZkcWLMMxCdezLjRKavLNk38LumUMtcdsa0DAy+1JjTp+KEvVQAnD+Et/ld5X+YcBWJkVy5WFQ==}

  '@unocss/rule-utils@0.62.4':
    resolution: {integrity: sha512-XUwLbLUzL+VSHCJNK5QBHC9RbFehumge1/XJmsRfmh0+oxgJoO1gvEvxi57gYEmdJdMRJHRJZ66se6+cB0Ymvw==}
    engines: {node: '>=14'}

  bundle-require@5.0.0:
    resolution: {integrity: sha512-GuziW3fSSmopcx4KRymQEJVbZUfqlCqcq7dvs6TYwKRZiegK/2buMxQTPs6MGlNv50wms1699qYO54R8XfRX4w==}
    engines: {node: ^12.20.0 || ^14.13.1 || >=16.0.0}
    peerDependencies:
      esbuild: '>=0.18'

  coc.nvim@0.0.83-next.9:
    resolution: {integrity: sha512-ek5+EgA9N92/6Wt07TAYpavmBgXZto4Dmwmm56oyBl/w4wy3Tod7LfpCp4k9M4xCxhxPtrflIcxvhdDUPIeMuw==}
    engines: {node: '>=14.14.0'}
    peerDependencies:
      '@types/node': ^14.14.0

  debug@4.3.7:
    resolution: {integrity: sha512-Er2nc/H7RrMXZBFCEim6TCmMk02Z8vLC2Rbi1KEBggpo0fS6l0S1nnapwmIi3yW/+GOJap1Krg4w0Hg80oCqgQ==}
    engines: {node: '>=6.0'}
    peerDependencies:
      supports-color: '*'
    peerDependenciesMeta:
      supports-color:
        optional: true

  defu@6.1.4:
    resolution: {integrity: sha512-mEQCMmwJu317oSz8CwdIOdwf3xMif1ttiM8LTufzc3g6kR+9Pe236twL8j3IYT1F7GfRgGcW6MWxzZjLIkuHIg==}

  esbuild@0.23.1:
    resolution: {integrity: sha512-VVNz/9Sa0bs5SELtn3f7qhJCDPCF5oMEl5cO9/SSinpE9hbPVvxbd572HH5AKiP7WD8INO53GgfDDhRjkylHEg==}
    engines: {node: '>=18'}
    hasBin: true

  fsevents@2.3.3:
    resolution: {integrity: sha512-5xoDfX+fL7faATnagmWPpbFtwh/R77WmMMqqHGS65C3vvB0YHrgF+B1YmZ3441tMj5n63k0212XNoJwzlhffQw==}
    engines: {node: ^8.16.0 || ^10.6.0 || >=11.0.0}
    os: [darwin]

  fzf@0.5.2:
    resolution: {integrity: sha512-Tt4kuxLXFKHy8KT40zwsUPUkg1CrsgY25FxA2U/j/0WgEDCk3ddc/zLTCCcbSHX9FcKtLuVaDGtGE/STWC+j3Q==}

  get-tsconfig@4.8.1:
    resolution: {integrity: sha512-k9PN+cFBmaLWtVz29SkUoqU5O0slLuHJXt/2P+tMVFT+phsSGXGkp9t3rQIqdz0e+06EHNGs3oM6ZX1s2zHxRg==}

  importx@0.4.4:
    resolution: {integrity: sha512-Lo1pukzAREqrBnnHC+tj+lreMTAvyxtkKsMxLY8H15M/bvLl54p3YuoTI70Tz7Il0AsgSlD7Lrk/FaApRcBL7w==}

  jiti@1.21.6:
    resolution: {integrity: sha512-2yTgeWTWzMWkHu6Jp9NKgePDaYHbntiwvYuuJLbbN9vl7DC9DvXKOB2BC3ZZ92D3cvV/aflH0osDfwpHepQ53w==}
    hasBin: true

  jiti@2.0.0-beta.3:
    resolution: {integrity: sha512-pmfRbVRs/7khFrSAYnSiJ8C0D5GvzkE4Ey2pAvUcJsw1ly/p+7ut27jbJrjY79BpAJQJ4gXYFtK6d1Aub+9baQ==}
    hasBin: true

  load-tsconfig@0.2.5:
    resolution: {integrity: sha512-IXO6OCs9yg8tMKzfPZ1YmheJbZCiEsnBdcB03l0OcfK9prKnJb96siuHCr5Fl37/yo9DnKU+TLpxzTUspw9shg==}
    engines: {node: ^12.20.0 || ^14.13.1 || >=16.0.0}

  lru-cache@10.4.3:
    resolution: {integrity: sha512-JNAzZcXrCt42VGLuYz0zfAzDfAvJWW6AfYlDBQyDV5DClI2m5sAmK+OIO7s59XfsRsWHp02jAJrRadPRGTt6SQ==}

  magic-string@0.30.11:
    resolution: {integrity: sha512-+Wri9p0QHMy+545hKww7YAu5NyzF8iomPL/RQazugQ9+Ez4Ic3mERMd8ZTX5rfK944j+560ZJi8iAwgak1Ac7A==}

  ms@2.1.3:
    resolution: {integrity: sha512-6FlzubTLZG3J2a/NVCAleEhjzq5oxgHyaCU9yYXvcLsvoVaHJq/s5xXI6/XXP6tz7R9xAOtHnSO/tXtF3WRTlA==}

  pathe@1.1.2:
    resolution: {integrity: sha512-whLdWMYL2TwI08hn8/ZqAbrVemu0LNaNNJZX73O6qaIdCTfXutsLhMkjdENX0qhsQ9uIimo4/aQOmXkoon2nDQ==}

  prettier@3.3.3:
    resolution: {integrity: sha512-i2tDNA0O5IrMO757lfrdQZCc2jPNDVntV0m/+4whiDfWaTKfMNgR7Qz0NAeGz/nRqF4m5/6CLzbP4/liHt12Ew==}
    engines: {node: '>=14'}
    hasBin: true

  resolve-pkg-maps@1.0.0:
    resolution: {integrity: sha512-seS2Tj26TBVOC2NIc2rOe2y2ZO7efxITtLZcGSOnHHNOQ7CkiUBfw0Iw2ck6xkIhPwLhKNLS8BO+hEpngQlqzw==}

  tsx@4.19.1:
    resolution: {integrity: sha512-0flMz1lh74BR4wOvBjuh9olbnwqCPc35OOlfyzHba0Dc+QNUeWX/Gq2YTbnwcWPO3BMd8fkzRVrHcsR+a7z7rA==}
    engines: {node: '>=18.0.0'}
    hasBin: true

  typescript@5.6.2:
    resolution: {integrity: sha512-NW8ByodCSNCwZeghjN3o+JX5OFH0Ojg6sadjEKY4huZ52TqbJTJnDo5+Tw98lSy63NZvi4n+ez5m2u5d4PkZyw==}
    engines: {node: '>=14.17'}
    hasBin: true

  unconfig@0.5.5:
    resolution: {integrity: sha512-VQZ5PT9HDX+qag0XdgQi8tJepPhXiR/yVOkn707gJDKo31lGjRilPREiQJ9Z6zd/Ugpv6ZvO5VxVIcatldYcNQ==}

  undici-types@6.19.8:
    resolution: {integrity: sha512-ve2KP6f/JnbPBFyobGHuerC9g1FYGn/F8n1LWTwNxCEzd6IfqTwUQcNXgEtmmQ6DlRrC1hrSrBnCZPokRrDHjw==}

  vscode-jsonrpc@8.2.0:
    resolution: {integrity: sha512-C+r0eKJUIfiDIfwJhria30+TYWPtuHJXHtI7J0YlOmKAo7ogxP20T0zxB7HZQIFhIyvoBPwWskjxrvAtfjyZfA==}
    engines: {node: '>=14.0.0'}

  vscode-languageserver-protocol@3.17.5:
    resolution: {integrity: sha512-mb1bvRJN8SVznADSGWM9u/b07H7Ecg0I3OgXDuLdn307rl/J3A9YD6/eYOssqhecL27hK1IPZAsaqh00i/Jljg==}

  vscode-languageserver-textdocument@1.0.12:
    resolution: {integrity: sha512-cxWNPesCnQCcMPeenjKKsOCKQZ/L6Tv19DTRIGuLWe32lyzWhihGVJ/rcckZXJxfdKCFvRLS3fpBIsV/ZGX4zA==}

  vscode-languageserver-types@3.17.5:
    resolution: {integrity: sha512-Ld1VelNuX9pdF39h2Hgaeb5hEZM2Z3jUrrMgWQAu82jMtZp7p3vJT3BzToKtZI7NgQssZje5o0zryOrhQvzQAg==}

  vscode-languageserver@9.0.1:
    resolution: {integrity: sha512-woByF3PDpkHFUreUa7Hos7+pUWdeWMXRd26+ZX2A8cFx6v/JPTtd4/uN0/jB6XQHYaOlHbio03NTHCqrgG5n7g==}
    hasBin: true

snapshots:

  '@antfu/utils@0.7.10': {}

  '@esbuild/aix-ppc64@0.23.1':
    optional: true

  '@esbuild/android-arm64@0.23.1':
    optional: true

  '@esbuild/android-arm@0.23.1':
    optional: true

  '@esbuild/android-x64@0.23.1':
    optional: true

  '@esbuild/darwin-arm64@0.23.1':
    optional: true

  '@esbuild/darwin-x64@0.23.1':
    optional: true

  '@esbuild/freebsd-arm64@0.23.1':
    optional: true

  '@esbuild/freebsd-x64@0.23.1':
    optional: true

  '@esbuild/linux-arm64@0.23.1':
    optional: true

  '@esbuild/linux-arm@0.23.1':
    optional: true

  '@esbuild/linux-ia32@0.23.1':
    optional: true

  '@esbuild/linux-loong64@0.23.1':
    optional: true

  '@esbuild/linux-mips64el@0.23.1':
    optional: true

  '@esbuild/linux-ppc64@0.23.1':
    optional: true

  '@esbuild/linux-riscv64@0.23.1':
    optional: true

  '@esbuild/linux-s390x@0.23.1':
    optional: true

  '@esbuild/linux-x64@0.23.1':
    optional: true

  '@esbuild/netbsd-x64@0.23.1':
    optional: true

  '@esbuild/openbsd-arm64@0.23.1':
    optional: true

  '@esbuild/openbsd-x64@0.23.1':
    optional: true

  '@esbuild/sunos-x64@0.23.1':
    optional: true

  '@esbuild/win32-arm64@0.23.1':
    optional: true

  '@esbuild/win32-ia32@0.23.1':
    optional: true

  '@esbuild/win32-x64@0.23.1':
    optional: true

  '@jridgewell/sourcemap-codec@1.5.0': {}

  '@types/node@22.5.5':
    dependencies:
      undici-types: 6.19.8

  '@unocss/autocomplete@0.62.4':
    dependencies:
      fzf: 0.5.2
      lru-cache: 10.4.3

  '@unocss/config@0.62.4':
    dependencies:
      '@unocss/core': 0.62.4
      unconfig: 0.5.5
    transitivePeerDependencies:
      - supports-color

  '@unocss/core@0.62.4': {}

  '@unocss/extractor-arbitrary-variants@0.62.4':
    dependencies:
      '@unocss/core': 0.62.4

  '@unocss/preset-mini@0.62.4':
    dependencies:
      '@unocss/core': 0.62.4
      '@unocss/extractor-arbitrary-variants': 0.62.4
      '@unocss/rule-utils': 0.62.4

  '@unocss/preset-uno@0.62.4':
    dependencies:
      '@unocss/core': 0.62.4
      '@unocss/preset-mini': 0.62.4
      '@unocss/preset-wind': 0.62.4
      '@unocss/rule-utils': 0.62.4

  '@unocss/preset-wind@0.62.4':
    dependencies:
      '@unocss/core': 0.62.4
      '@unocss/preset-mini': 0.62.4
      '@unocss/rule-utils': 0.62.4

  '@unocss/rule-utils@0.62.4':
    dependencies:
      '@unocss/core': 0.62.4
      magic-string: 0.30.11

  bundle-require@5.0.0(esbuild@0.23.1):
    dependencies:
      esbuild: 0.23.1
      load-tsconfig: 0.2.5

  coc.nvim@0.0.83-next.9(@types/node@22.5.5):
    dependencies:
      '@types/node': 22.5.5

  debug@4.3.7:
    dependencies:
      ms: 2.1.3

  defu@6.1.4: {}

  esbuild@0.23.1:
    optionalDependencies:
      '@esbuild/aix-ppc64': 0.23.1
      '@esbuild/android-arm': 0.23.1
      '@esbuild/android-arm64': 0.23.1
      '@esbuild/android-x64': 0.23.1
      '@esbuild/darwin-arm64': 0.23.1
      '@esbuild/darwin-x64': 0.23.1
      '@esbuild/freebsd-arm64': 0.23.1
      '@esbuild/freebsd-x64': 0.23.1
      '@esbuild/linux-arm': 0.23.1
      '@esbuild/linux-arm64': 0.23.1
      '@esbuild/linux-ia32': 0.23.1
      '@esbuild/linux-loong64': 0.23.1
      '@esbuild/linux-mips64el': 0.23.1
      '@esbuild/linux-ppc64': 0.23.1
      '@esbuild/linux-riscv64': 0.23.1
      '@esbuild/linux-s390x': 0.23.1
      '@esbuild/linux-x64': 0.23.1
      '@esbuild/netbsd-x64': 0.23.1
      '@esbuild/openbsd-arm64': 0.23.1
      '@esbuild/openbsd-x64': 0.23.1
      '@esbuild/sunos-x64': 0.23.1
      '@esbuild/win32-arm64': 0.23.1
      '@esbuild/win32-ia32': 0.23.1
      '@esbuild/win32-x64': 0.23.1

  fsevents@2.3.3:
    optional: true

  fzf@0.5.2: {}

  get-tsconfig@4.8.1:
    dependencies:
      resolve-pkg-maps: 1.0.0

  importx@0.4.4:
    dependencies:
      bundle-require: 5.0.0(esbuild@0.23.1)
      debug: 4.3.7
      esbuild: 0.23.1
      jiti: 2.0.0-beta.3
      jiti-v1: jiti@1.21.6
      pathe: 1.1.2
      tsx: 4.19.1
    transitivePeerDependencies:
      - supports-color

  jiti@1.21.6: {}

  jiti@2.0.0-beta.3: {}

  load-tsconfig@0.2.5: {}

  lru-cache@10.4.3: {}

  magic-string@0.30.11:
    dependencies:
      '@jridgewell/sourcemap-codec': 1.5.0

  ms@2.1.3: {}

  pathe@1.1.2: {}

  prettier@3.3.3: {}

  resolve-pkg-maps@1.0.0: {}

  tsx@4.19.1:
    dependencies:
      esbuild: 0.23.1
      get-tsconfig: 4.8.1
    optionalDependencies:
      fsevents: 2.3.3

  typescript@5.6.2: {}

  unconfig@0.5.5:
    dependencies:
      '@antfu/utils': 0.7.10
      defu: 6.1.4
      importx: 0.4.4
    transitivePeerDependencies:
      - supports-color

  undici-types@6.19.8: {}

  vscode-jsonrpc@8.2.0: {}

  vscode-languageserver-protocol@3.17.5:
    dependencies:
      vscode-jsonrpc: 8.2.0
      vscode-languageserver-types: 3.17.5

  vscode-languageserver-textdocument@1.0.12: {}

  vscode-languageserver-types@3.17.5: {}

  vscode-languageserver@9.0.1:
    dependencies:
      vscode-languageserver-protocol: 3.17.5
